// !$*UTF8*$!
{
	archiveVersion = 1;
	classes = {
	};
	objectVersion = 46;
	objects = {

/* Begin PBXBuildFile section */
		88784B271E4415BA0040C9AB /* AppDelegate.swift in Sources */ = {isa = PBXBuildFile; fileRef = 88784B261E4415BA0040C9AB /* AppDelegate.swift */; };
		88784B291E4415BA0040C9AB /* Simulation.swift in Sources */ = {isa = PBXBuildFile; fileRef = 88784B281E4415BA0040C9AB /* Simulation.swift */; };
		88784B2B1E4415BA0040C9AB /* InstrumentationViewControllers.swift in Sources */ = {isa = PBXBuildFile; fileRef = 88784B2A1E4415BA0040C9AB /* InstrumentationViewControllers.swift */; };
		88784B2E1E4415BA0040C9AB /* Main.storyboard in Resources */ = {isa = PBXBuildFile; fileRef = 88784B2C1E4415BA0040C9AB /* Main.storyboard */; };
		88784B301E4415BB0040C9AB /* Assets.xcassets in Resources */ = {isa = PBXBuildFile; fileRef = 88784B2F1E4415BB0040C9AB /* Assets.xcassets */; };
		88784B331E4415BB0040C9AB /* LaunchScreen.storyboard in Resources */ = {isa = PBXBuildFile; fileRef = 88784B311E4415BB0040C9AB /* LaunchScreen.storyboard */; };
		88784B3E1E4415BC0040C9AB /* SolutionToAssignment1Tests.swift in Sources */ = {isa = PBXBuildFile; fileRef = 88784B3D1E4415BC0040C9AB /* SolutionToAssignment1Tests.swift */; };
		88784B491E4415BD0040C9AB /* SolutionToAssignment1UITests.swift in Sources */ = {isa = PBXBuildFile; fileRef = 88784B481E4415BD0040C9AB /* SolutionToAssignment1UITests.swift */; };
/* End PBXBuildFile section */

/* Begin PBXContainerItemProxy section */
		88784B3A1E4415BC0040C9AB /* PBXContainerItemProxy */ = {
			isa = PBXContainerItemProxy;
			containerPortal = 88784B1B1E4415B90040C9AB /* Project object */;
			proxyType = 1;
			remoteGlobalIDString = 88784B221E4415B90040C9AB;
			remoteInfo = SolutionToAssignment1;
		};
		88784B451E4415BD0040C9AB /* PBXContainerItemProxy */ = {
			isa = PBXContainerItemProxy;
			containerPortal = 88784B1B1E4415B90040C9AB /* Project object */;
			proxyType = 1;
			remoteGlobalIDString = 88784B221E4415B90040C9AB;
			remoteInfo = SolutionToAssignment1;
		};
/* End PBXContainerItemProxy section */

/* Begin PBXFileReference section */
		88784B231E4415B90040C9AB /* SolutionToAssignment1.app */ = {isa = PBXFileReference; explicitFileType = wrapper.application; includeInIndex = 0; path = SolutionToAssignment1.app; sourceTree = BUILT_PRODUCTS_DIR; };
		88784B261E4415BA0040C9AB /* AppDelegate.swift */ = {isa = PBXFileReference; lastKnownFileType = sourcecode.swift; path = AppDelegate.swift; sourceTree = "<group>"; };
		88784B281E4415BA0040C9AB /* Simulation.swift */ = {isa = PBXFileReference; lastKnownFileType = sourcecode.swift; path = Simulation.swift; sourceTree = "<group>"; };
		88784B2A1E4415BA0040C9AB /* InstrumentationViewControllers.swift */ = {isa = PBXFileReference; lastKnownFileType = sourcecode.swift; path = InstrumentationViewControllers.swift; sourceTree = "<group>"; };
		88784B2D1E4415BA0040C9AB /* Base */ = {isa = PBXFileReference; lastKnownFileType = file.storyboard; name = Base; path = Base.lproj/Main.storyboard; sourceTree = "<group>"; };
		88784B2F1E4415BB0040C9AB /* Assets.xcassets */ = {isa = PBXFileReference; lastKnownFileType = folder.assetcatalog; path = Assets.xcassets; sourceTree = "<group>"; };
		88784B321E4415BB0040C9AB /* Base */ = {isa = PBXFileReference; lastKnownFileType = file.storyboard; name = Base; path = Base.lproj/LaunchScreen.storyboard; sourceTree = "<group>"; };
		88784B341E4415BC0040C9AB /* Info.plist */ = {isa = PBXFileReference; lastKnownFileType = text.plist.xml; path = Info.plist; sourceTree = "<group>"; };
		88784B391E4415BC0040C9AB /* SolutionToAssignment1Tests.xctest */ = {isa = PBXFileReference; explicitFileType = wrapper.cfbundle; includeInIndex = 0; path = SolutionToAssignment1Tests.xctest; sourceTree = BUILT_PRODUCTS_DIR; };
		88784B3D1E4415BC0040C9AB /* SolutionToAssignment1Tests.swift */ = {isa = PBXFileReference; lastKnownFileType = sourcecode.swift; path = SolutionToAssignment1Tests.swift; sourceTree = "<group>"; };
		88784B3F1E4415BC0040C9AB /* Info.plist */ = {isa = PBXFileReference; lastKnownFileType = text.plist.xml; path = Info.plist; sourceTree = "<group>"; };
		88784B441E4415BD0040C9AB /* SolutionToAssignment1UITests.xctest */ = {isa = PBXFileReference; explicitFileType = wrapper.cfbundle; includeInIndex = 0; path = SolutionToAssignment1UITests.xctest; sourceTree = BUILT_PRODUCTS_DIR; };
		88784B481E4415BD0040C9AB /* SolutionToAssignment1UITests.swift */ = {isa = PBXFileReference; lastKnownFileType = sourcecode.swift; path = SolutionToAssignment1UITests.swift; sourceTree = "<group>"; };
		88784B4A1E4415BD0040C9AB /* Info.plist */ = {isa = PBXFileReference; lastKnownFileType = text.plist.xml; path = Info.plist; sourceTree = "<group>"; };
/* End PBXFileReference section */

/* Begin PBXFrameworksBuildPhase section */
		88784B201E4415B90040C9AB /* Frameworks */ = {
			isa = PBXFrameworksBuildPhase;
			buildActionMask = 2147483647;
			files = (
			);
			runOnlyForDeploymentPostprocessing = 0;
		};
		88784B361E4415BC0040C9AB /* Frameworks */ = {
			isa = PBXFrameworksBuildPhase;
			buildActionMask = 2147483647;
			files = (
			);
			runOnlyForDeploymentPostprocessing = 0;
		};
		88784B411E4415BD0040C9AB /* Frameworks */ = {
			isa = PBXFrameworksBuildPhase;
			buildActionMask = 2147483647;
			files = (
			);
			runOnlyForDeploymentPostprocessing = 0;
		};
/* End PBXFrameworksBuildPhase section */

/* Begin PBXGroup section */
		88784B1A1E4415B90040C9AB = {
			isa = PBXGroup;
			children = (
				88784B251E4415B90040C9AB /* SolutionToAssignment1 */,
				88784B3C1E4415BC0040C9AB /* SolutionToAssignment1Tests */,
				88784B471E4415BD0040C9AB /* SolutionToAssignment1UITests */,
				88784B241E4415B90040C9AB /* Products */,
			);
			sourceTree = "<group>";
		};
		88784B241E4415B90040C9AB /* Products */ = {
			isa = PBXGroup;
			children = (
				88784B231E4415B90040C9AB /* SolutionToAssignment1.app */,
				88784B391E4415BC0040C9AB /* SolutionToAssignment1Tests.xctest */,
				88784B441E4415BD0040C9AB /* SolutionToAssignment1UITests.xctest */,
			);
			name = Products;
			sourceTree = "<group>";
		};
		88784B251E4415B90040C9AB /* SolutionToAssignment1 */ = {
			isa = PBXGroup;
			children = (
				88784B261E4415BA0040C9AB /* AppDelegate.swift */,
				88784B281E4415BA0040C9AB /* Simulation.swift */,
				88784B2A1E4415BA0040C9AB /* InstrumentationViewControllers.swift */,
				88784B2C1E4415BA0040C9AB /* Main.storyboard */,
				88784B2F1E4415BB0040C9AB /* Assets.xcassets */,
				88784B311E4415BB0040C9AB /* LaunchScreen.storyboard */,
				88784B341E4415BC0040C9AB /* Info.plist */,
			);
			path = SolutionToAssignment1;
			sourceTree = "<group>";
		};
		88784B3C1E4415BC0040C9AB /* SolutionToAssignment1Tests */ = {
			isa = PBXGroup;
			children = (
				88784B3D1E4415BC0040C9AB /* SolutionToAssignment1Tests.swift */,
				88784B3F1E4415BC0040C9AB /* Info.plist */,
			);
			path = SolutionToAssignment1Tests;
			sourceTree = "<group>";
		};
		88784B471E4415BD0040C9AB /* SolutionToAssignment1UITests */ = {
			isa = PBXGroup;
			children = (
				88784B481E4415BD0040C9AB /* SolutionToAssignment1UITests.swift */,
				88784B4A1E4415BD0040C9AB /* Info.plist */,
			);
			path = SolutionToAssignment1UITests;
			sourceTree = "<group>";
		};
/* End PBXGroup section */

/* Begin PBXNativeTarget section */
		88784B221E4415B90040C9AB /* SolutionToAssignment1 */ = {
			isa = PBXNativeTarget;
			buildConfigurationList = 88784B4D1E4415BD0040C9AB /* Build configuration list for PBXNativeTarget "SolutionToAssignment1" */;
			buildPhases = (
				88784B1F1E4415B90040C9AB /* Sources */,
				88784B201E4415B90040C9AB /* Frameworks */,
				88784B211E4415B90040C9AB /* Resources */,
			);
			buildRules = (
			);
			dependencies = (
			);
			name = SolutionToAssignment1;
			productName = SolutionToAssignment1;
			productReference = 88784B231E4415B90040C9AB /* SolutionToAssignment1.app */;
			productType = "com.apple.product-type.application";
		};
		88784B381E4415BC0040C9AB /* SolutionToAssignment1Tests */ = {
			isa = PBXNativeTarget;
			buildConfigurationList = 88784B501E4415BD0040C9AB /* Build configuration list for PBXNativeTarget "SolutionToAssignment1Tests" */;
			buildPhases = (
				88784B351E4415BC0040C9AB /* Sources */,
				88784B361E4415BC0040C9AB /* Frameworks */,
				88784B371E4415BC0040C9AB /* Resources */,
			);
			buildRules = (
			);
			dependencies = (
				88784B3B1E4415BC0040C9AB /* PBXTargetDependency */,
			);
			name = SolutionToAssignment1Tests;
			productName = SolutionToAssignment1Tests;
			productReference = 88784B391E4415BC0040C9AB /* SolutionToAssignment1Tests.xctest */;
			productType = "com.apple.product-type.bundle.unit-test";
		};
		88784B431E4415BD0040C9AB /* SolutionToAssignment1UITests */ = {
			isa = PBXNativeTarget;
			buildConfigurationList = 88784B531E4415BD0040C9AB /* Build configuration list for PBXNativeTarget "SolutionToAssignment1UITests" */;
			buildPhases = (
				88784B401E4415BD0040C9AB /* Sources */,
				88784B411E4415BD0040C9AB /* Frameworks */,
				88784B421E4415BD0040C9AB /* Resources */,
			);
			buildRules = (
			);
			dependencies = (
				88784B461E4415BD0040C9AB /* PBXTargetDependency */,
			);
			name = SolutionToAssignment1UITests;
			productName = SolutionToAssignment1UITests;
			productReference = 88784B441E4415BD0040C9AB /* SolutionToAssignment1UITests.xctest */;
			productType = "com.apple.product-type.bundle.ui-testing";
		};
/* End PBXNativeTarget section */

/* Begin PBXProject section */
		88784B1B1E4415B90040C9AB /* Project object */ = {
			isa = PBXProject;
			attributes = {
				LastSwiftUpdateCheck = 0820;
				LastUpgradeCheck = 0820;
				ORGANIZATIONNAME = iMac;
				TargetAttributes = {
					88784B221E4415B90040C9AB = {
						CreatedOnToolsVersion = 8.2.1;
						ProvisioningStyle = Automatic;
					};
					88784B381E4415BC0040C9AB = {
						CreatedOnToolsVersion = 8.2.1;
						ProvisioningStyle = Automatic;
						TestTargetID = 88784B221E4415B90040C9AB;
					};
					88784B431E4415BD0040C9AB = {
						CreatedOnToolsVersion = 8.2.1;
						ProvisioningStyle = Automatic;
						TestTargetID = 88784B221E4415B90040C9AB;
					};
				};
			};
			buildConfigurationList = 88784B1E1E4415B90040C9AB /* Build configuration list for PBXProject "SolutionToAssignment1" */;
			compatibilityVersion = "Xcode 3.2";
			developmentRegion = English;
			hasScannedForEncodings = 0;
			knownRegions = (
				en,
				Base,
			);
			mainGroup = 88784B1A1E4415B90040C9AB;
			productRefGroup = 88784B241E4415B90040C9AB /* Products */;
			projectDirPath = "";
			projectRoot = "";
			targets = (
				88784B221E4415B90040C9AB /* SolutionToAssignment1 */,
				88784B381E4415BC0040C9AB /* SolutionToAssignment1Tests */,
				88784B431E4415BD0040C9AB /* SolutionToAssignment1UITests */,
			);
		};
/* End PBXProject section */

/* Begin PBXResourcesBuildPhase section */
		88784B211E4415B90040C9AB /* Resources */ = {
			isa = PBXResourcesBuildPhase;
			buildActionMask = 2147483647;
			files = (
				88784B331E4415BB0040C9AB /* LaunchScreen.storyboard in Resources */,
				88784B301E4415BB0040C9AB /* Assets.xcassets in Resources */,
				88784B2E1E4415BA0040C9AB /* Main.storyboard in Resources */,
			);
			runOnlyForDeploymentPostprocessing = 0;
		};
		88784B371E4415BC0040C9AB /* Resources */ = {
			isa = PBXResourcesBuildPhase;
			buildActionMask = 2147483647;
			files = (
			);
			runOnlyForDeploymentPostprocessing = 0;
		};
		88784B421E4415BD0040C9AB /* Resources */ = {
			isa = PBXResourcesBuildPhase;
			buildActionMask = 2147483647;
			files = (
			);
			runOnlyForDeploymentPostprocessing = 0;
		};
/* End PBXResourcesBuildPhase section */

/* Begin PBXSourcesBuildPhase section */
		88784B1F1E4415B90040C9AB /* Sources */ = {
			isa = PBXSourcesBuildPhase;
			buildActionMask = 2147483647;
			files = (
				88784B2B1E4415BA0040C9AB /* InstrumentationViewControllers.swift in Sources */,
				88784B271E4415BA0040C9AB /* AppDelegate.swift in Sources */,
				88784B291E4415BA0040C9AB /* Simulation.swift in Sources */,
			);
			runOnlyForDeploymentPostprocessing = 0;
		};
		88784B351E4415BC0040C9AB /* Sources */ = {
			isa = PBXSourcesBuildPhase;
			buildActionMask = 2147483647;
			files = (
				88784B3E1E4415BC0040C9AB /* SolutionToAssignment1Tests.swift in Sources */,
			);
			runOnlyForDeploymentPostprocessing = 0;
		};
		88784B401E4415BD0040C9AB /* Sources */ = {
			isa = PBXSourcesBuildPhase;
			buildActionMask = 2147483647;
			files = (
				88784B491E4415BD0040C9AB /* SolutionToAssignment1UITests.swift in Sources */,
			);
			runOnlyForDeploymentPostprocessing = 0;
		};
/* End PBXSourcesBuildPhase section */

/* Begin PBXTargetDependency section */
		88784B3B1E4415BC0040C9AB /* PBXTargetDependency */ = {
			isa = PBXTargetDependency;
			target = 88784B221E4415B90040C9AB /* SolutionToAssignment1 */;
			targetProxy = 88784B3A1E4415BC0040C9AB /* PBXContainerItemProxy */;
		};
		88784B461E4415BD0040C9AB /* PBXTargetDependency */ = {
			isa = PBXTargetDependency;
			target = 88784B221E4415B90040C9AB /* SolutionToAssignment1 */;
			targetProxy = 88784B451E4415BD0040C9AB /* PBXContainerItemProxy */;
		};
/* End PBXTargetDependency section */

/* Begin PBXVariantGroup section */
		88784B2C1E4415BA0040C9AB /* Main.storyboard */ = {
			isa = PBXVariantGroup;
			children = (
				88784B2D1E4415BA0040C9AB /* Base */,
			);
			name = Main.storyboard;
			sourceTree = "<group>";
		};
		88784B311E4415BB0040C9AB /* LaunchScreen.storyboard */ = {
			isa = PBXVariantGroup;
			children = (
				88784B321E4415BB0040C9AB /* Base */,
			);
			name = LaunchScreen.storyboard;
			sourceTree = "<group>";
		};
/* End PBXVariantGroup section */

/* Begin XCBuildConfiguration section */
		88784B4B1E4415BD0040C9AB /* Debug */ = {
			isa = XCBuildConfiguration;
			buildSettings = {
				ALWAYS_SEARCH_USER_PATHS = NO;
				CLANG_ANALYZER_NONNULL = YES;
				CLANG_CXX_LANGUAGE_STANDARD = "gnu++0x";
				CLANG_CXX_LIBRARY = "libc++";
				CLANG_ENABLE_MODULES = YES;
				CLANG_ENABLE_OBJC_ARC = YES;
				CLANG_WARN_BOOL_CONVERSION = YES;
				CLANG_WARN_CONSTANT_CONVERSION = YES;
				CLANG_WARN_DIRECT_OBJC_ISA_USAGE = YES_ERROR;
				CLANG_WARN_DOCUMENTATION_COMMENTS = YES;
				CLANG_WARN_EMPTY_BODY = YES;
				CLANG_WARN_ENUM_CONVERSION = YES;
				CLANG_WARN_INFINITE_RECURSION = YES;
				CLANG_WARN_INT_CONVERSION = YES;
				CLANG_WARN_OBJC_ROOT_CLASS = YES_ERROR;
				CLANG_WARN_SUSPICIOUS_MOVE = YES;
				CLANG_WARN_UNREACHABLE_CODE = YES;
				CLANG_WARN__DUPLICATE_METHOD_MATCH = YES;
				"CODE_SIGN_IDENTITY[sdk=iphoneos*]" = "iPhone Developer";
				COPY_PHASE_STRIP = NO;
				DEBUG_INFORMATION_FORMAT = dwarf;
				ENABLE_STRICT_OBJC_MSGSEND = YES;
				ENABLE_TESTABILITY = YES;
				GCC_C_LANGUAGE_STANDARD = gnu99;
				GCC_DYNAMIC_NO_PIC = NO;
				GCC_NO_COMMON_BLOCKS = YES;
				GCC_OPTIMIZATION_LEVEL = 0;
				GCC_PREPROCESSOR_DEFINITIONS = (
					"DEBUG=1",
					"$(inherited)",
				);
				GCC_WARN_64_TO_32_BIT_CONVERSION = YES;
				GCC_WARN_ABOUT_RETURN_TYPE = YES_ERROR;
				GCC_WARN_UNDECLARED_SELECTOR = YES;
				GCC_WARN_UNINITIALIZED_AUTOS = YES_AGGRESSIVE;
				GCC_WARN_UNUSED_FUNCTION = YES;
				GCC_WARN_UNUSED_VARIABLE = YES;
				IPHONEOS_DEPLOYMENT_TARGET = 10.2;
				MTL_ENABLE_DEBUG_INFO = YES;
				ONLY_ACTIVE_ARCH = YES;
				SDKROOT = iphoneos;
				SWIFT_ACTIVE_COMPILATION_CONDITIONS = DEBUG;
				SWIFT_OPTIMIZATION_LEVEL = "-Onone";
				TARGETED_DEVICE_FAMILY = "1,2";
			};
			name = Debug;
		};
		88784B4C1E4415BD0040C9AB /* Release */ = {
			isa = XCBuildConfiguration;
			buildSettings = {
				ALWAYS_SEARCH_USER_PATHS = NO;
				CLANG_ANALYZER_NONNULL = YES;
				CLANG_CXX_LANGUAGE_STANDARD = "gnu++0x";
				CLANG_CXX_LIBRARY = "libc++";
				CLANG_ENABLE_MODULES = YES;
				CLANG_ENABLE_OBJC_ARC = YES;
				CLANG_WARN_BOOL_CONVERSION = YES;
				CLANG_WARN_CONSTANT_CONVERSION = YES;
				CLANG_WARN_DIRECT_OBJC_ISA_USAGE = YES_ERROR;
				CLANG_WARN_DOCUMENTATION_COMMENTS = YES;
				CLANG_WARN_EMPTY_BODY = YES;
				CLANG_WARN_ENUM_CONVERSION = YES;
				CLANG_WARN_INFINITE_RECURSION = YES;
				CLANG_WARN_INT_CONVERSION = YES;
				CLANG_WARN_OBJC_ROOT_CLASS = YES_ERROR;
				CLANG_WARN_SUSPICIOUS_MOVE = YES;
				CLANG_WARN_UNREACHABLE_CODE = YES;
				CLANG_WARN__DUPLICATE_METHOD_MATCH = YES;
				"CODE_SIGN_IDENTITY[sdk=iphoneos*]" = "iPhone Developer";
				COPY_PHASE_STRIP = NO;
				DEBUG_INFORMATION_FORMAT = "dwarf-with-dsym";
				ENABLE_NS_ASSERTIONS = NO;
				ENABLE_STRICT_OBJC_MSGSEND = YES;
				GCC_C_LANGUAGE_STANDARD = gnu99;
				GCC_NO_COMMON_BLOCKS = YES;
				GCC_WARN_64_TO_32_BIT_CONVERSION = YES;
				GCC_WARN_ABOUT_RETURN_TYPE = YES_ERROR;
				GCC_WARN_UNDECLARED_SELECTOR = YES;
				GCC_WARN_UNINITIALIZED_AUTOS = YES_AGGRESSIVE;
				GCC_WARN_UNUSED_FUNCTION = YES;
				GCC_WARN_UNUSED_VARIABLE = YES;
				IPHONEOS_DEPLOYMENT_TARGET = 10.2;
				MTL_ENABLE_DEBUG_INFO = NO;
				SDKROOT = iphoneos;
				SWIFT_OPTIMIZATION_LEVEL = "-Owholemodule";
				TARGETED_DEVICE_FAMILY = "1,2";
				VALIDATE_PRODUCT = YES;
			};
			name = Release;
		};
		88784B4E1E4415BD0040C9AB /* Debug */ = {
			isa = XCBuildConfiguration;
			buildSettings = {
				ASSETCATALOG_COMPILER_APPICON_NAME = AppIcon;
				INFOPLIST_FILE = SolutionToAssignment1/Info.plist;
				LD_RUNPATH_SEARCH_PATHS = "$(inherited) @executable_path/Frameworks";
				PRODUCT_BUNDLE_IDENTIFIER = AAA.SolutionToAssignment1;
				PRODUCT_NAME = "$(TARGET_NAME)";
				SWIFT_VERSION = 3.0;
			};
			name = Debug;
		};
		88784B4F1E4415BD0040C9AB /* Release */ = {
			isa = XCBuildConfiguration;
			buildSettings = {
				ASSETCATALOG_COMPILER_APPICON_NAME = AppIcon;
				INFOPLIST_FILE = SolutionToAssignment1/Info.plist;
				LD_RUNPATH_SEARCH_PATHS = "$(inherited) @executable_path/Frameworks";
				PRODUCT_BUNDLE_IDENTIFIER = AAA.SolutionToAssignment1;
				PRODUCT_NAME = "$(TARGET_NAME)";
				SWIFT_VERSION = 3.0;
			};
			name = Release;
		};
		88784B511E4415BD0040C9AB /* Debug */ = {
			isa = XCBuildConfiguration;
			buildSettings = {
				ALWAYS_EMBED_SWIFT_STANDARD_LIBRARIES = YES;
				BUNDLE_LOADER = "$(TEST_HOST)";
				INFOPLIST_FILE = SolutionToAssignment1Tests/Info.plist;
				LD_RUNPATH_SEARCH_PATHS = "$(inherited) @executable_path/Frameworks @loader_path/Frameworks";
				PRODUCT_BUNDLE_IDENTIFIER = AAA.SolutionToAssignment1Tests;
				PRODUCT_NAME = "$(TARGET_NAME)";
				SWIFT_VERSION = 3.0;
				TEST_HOST = "$(BUILT_PRODUCTS_DIR)/SolutionToAssignment1.app/SolutionToAssignment1";
			};
			name = Debug;
		};
		88784B521E4415BD0040C9AB /* Release */ = {
			isa = XCBuildConfiguration;
			buildSettings = {
				ALWAYS_EMBED_SWIFT_STANDARD_LIBRARIES = YES;
				BUNDLE_LOADER = "$(TEST_HOST)";
				INFOPLIST_FILE = SolutionToAssignment1Tests/Info.plist;
				LD_RUNPATH_SEARCH_PATHS = "$(inherited) @executable_path/Frameworks @loader_path/Frameworks";
				PRODUCT_BUNDLE_IDENTIFIER = AAA.SolutionToAssignment1Tests;
				PRODUCT_NAME = "$(TARGET_NAME)";
				SWIFT_VERSION = 3.0;
				TEST_HOST = "$(BUILT_PRODUCTS_DIR)/SolutionToAssignment1.app/SolutionToAssignment1";
			};
			name = Release;
		};
		88784B541E4415BD0040C9AB /* Debug */ = {
			isa = XCBuildConfiguration;
			buildSettings = {
				ALWAYS_EMBED_SWIFT_STANDARD_LIBRARIES = YES;
				INFOPLIST_FILE = SolutionToAssignment1UITests/Info.plist;
				LD_RUNPATH_SEARCH_PATHS = "$(inherited) @executable_path/Frameworks @loader_path/Frameworks";
				PRODUCT_BUNDLE_IDENTIFIER = AAA.SolutionToAssignment1UITests;
				PRODUCT_NAME = "$(TARGET_NAME)";
				SWIFT_VERSION = 3.0;
				TEST_TARGET_NAME = SolutionToAssignment1;
			};
			name = Debug;
		};
		88784B551E4415BD0040C9AB /* Release */ = {
			isa = XCBuildConfiguration;
			buildSettings = {
				ALWAYS_EMBED_SWIFT_STANDARD_LIBRARIES = YES;
				INFOPLIST_FILE = SolutionToAssignment1UITests/Info.plist;
				LD_RUNPATH_SEARCH_PATHS = "$(inherited) @executable_path/Frameworks @loader_path/Frameworks";
				PRODUCT_BUNDLE_IDENTIFIER = AAA.SolutionToAssignment1UITests;
				PRODUCT_NAME = "$(TARGET_NAME)";
				SWIFT_VERSION = 3.0;
				TEST_TARGET_NAME = SolutionToAssignment1;
			};
			name = Release;
		};
/* End XCBuildConfiguration section */

/* Begin XCConfigurationList section */
		88784B1E1E4415B90040C9AB /* Build configuration list for PBXProject "SolutionToAssignment1" */ = {
			isa = XCConfigurationList;
			buildConfigurations = (
				88784B4B1E4415BD0040C9AB /* Debug */,
				88784B4C1E4415BD0040C9AB /* Release */,
			);
			defaultConfigurationIsVisible = 0;
			defaultConfigurationName = Release;
		};
		88784B4D1E4415BD0040C9AB /* Build configuration list for PBXNativeTarget "SolutionToAssignment1" */ = {
			isa = XCConfigurationList;
			buildConfigurations = (
				88784B4E1E4415BD0040C9AB /* Debug */,
				88784B4F1E4415BD0040C9AB /* Release */,
			);
			defaultConfigurationIsVisible = 0;
			defaultConfigurationName = Release;
		};
		88784B501E4415BD0040C9AB /* Build configuration list for PBXNativeTarget "SolutionToAssignment1Tests" */ = {
			isa = XCConfigurationList;
			buildConfigurations = (
				88784B511E4415BD0040C9AB /* Debug */,
				88784B521E4415BD0040C9AB /* Release */,
			);
			defaultConfigurationIsVisible = 0;
			defaultConfigurationName = Release;
		};
		88784B531E4415BD0040C9AB /* Build configuration list for PBXNativeTarget "SolutionToAssignment1UITests" */ = {
			isa = XCConfigurationList;
			buildConfigurations = (
				88784B541E4415BD0040C9AB /* Debug */,
				88784B551E4415BD0040C9AB /* Release */,
			);
			defaultConfigurationIsVisible = 0;
			defaultConfigurationName = Release;
		};
/* End XCConfigurationList section */
	};
	rootObject = 88784B1B1E4415B90040C9AB /* Project object */;
}
